
Microsoft Visual Studio Solution File, Format Version 12.00
# Visual Studio 2012
Project("{FAE04EC0-301F-11D3-BF4B-00C04F79EFBC}") = "QueryImage", "QueryImage\QueryImage.csproj", "{3263A218-F654-4F77-AE2A-6188CB367D95}"
EndProject
Global
	GlobalSection(SolutionConfigurationPlatforms) = preSolution
		Debug|x86 = Debug|x86
		Release|x86 = Release|x86
	EndGlobalSection
	GlobalSection(ProjectConfigurationPlatforms) = postSolution
		{3263A218-F654-4F77-AE2A-6188CB367D95}.Debug|x86.ActiveCfg = Debug|x86
		{3263A218-F654-4F77-AE2A-6188CB367D95}.Debug|x86.Build.0 = Debug|x86
		{3263A218-F654-4F77-AE2A-6188CB367D95}.Release|x86.ActiveCfg = Release|x86
		{3263A218-F654-4F77-AE2A-6188CB367D95}.Release|x86.Build.0 = Release|x86
	EndGlobalSection
EndGlobal
